
Microsoft Visual Studio Solution File, Format Version 12.00
# Visual Studio Version 16
VisualStudioVersion = 16.0.29503.13
MinimumVisualStudioVersion = 10.0.40219.1
Project("{FAE04EC0-301F-11D3-BF4B-00C04F79EFBC}") = "Enemy Interaction", "Enemy Interaction\Enemy Interaction.csproj", "{66168475-EF63-4AA4-84E5-CFCE1D89D40D}"
EndProject
Global
	GlobalSection(SolutionConfigurationPlatforms) = preSolution
		Debug|Any CPU = Debug|Any CPU
		Release|Any CPU = Release|Any CPU
	EndGlobalSection
	GlobalSection(ProjectConfigurationPlatforms) = postSolution
		{66168475-EF63-4AA4-84E5-CFCE1D89D40D}.Debug|Any CPU.ActiveCfg = Debug|Any CPU
		{66168475-EF63-4AA4-84E5-CFCE1D89D40D}.Debug|Any CPU.Build.0 = Debug|Any CPU
		{66168475-EF63-4AA4-84E5-CFCE1D89D40D}.Release|Any CPU.ActiveCfg = Release|Any CPU
		{66168475-EF63-4AA4-84E5-CFCE1D89D40D}.Release|Any CPU.Build.0 = Release|Any CPU
	EndGlobalSection
	GlobalSection(SolutionProperties) = preSolution
		HideSolutionNode = FALSE
	EndGlobalSection
	GlobalSection(ExtensibilityGlobals) = postSolution
		SolutionGuid = {B24F5DB5-89B8-407F-82AF-9E417DA85F58}
	EndGlobalSection
EndGlobal
